
Microsoft Visual Studio Solution File, Format Version 12.00
# Visual Studio Version 17
VisualStudioVersion = 17.7.34018.315
MinimumVisualStudioVersion = 10.0.40219.1
Project("{FAE04EC0-301F-11D3-BF4B-00C04F79EFBC}") = "Parcial", "Parcial\Parcial.csproj", "{28A9AEF7-9C17-4ECE-A128-9A23BFAA83E9}"
EndProject
Project("{FAE04EC0-301F-11D3-BF4B-00C04F79EFBC}") = "Logica", "Logica\Logica.csproj", "{036CCD1C-BD21-4DBA-88D6-98B618191F71}"
EndProject
Global
	GlobalSection(SolutionConfigurationPlatforms) = preSolution
		Debug|Any CPU = Debug|Any CPU
		Release|Any CPU = Release|Any CPU
	EndGlobalSection
	GlobalSection(ProjectConfigurationPlatforms) = postSolution
		{28A9AEF7-9C17-4ECE-A128-9A23BFAA83E9}.Debug|Any CPU.ActiveCfg = Debug|Any CPU
		{28A9AEF7-9C17-4ECE-A128-9A23BFAA83E9}.Debug|Any CPU.Build.0 = Debug|Any CPU
		{28A9AEF7-9C17-4ECE-A128-9A23BFAA83E9}.Release|Any CPU.ActiveCfg = Release|Any CPU
		{28A9AEF7-9C17-4ECE-A128-9A23BFAA83E9}.Release|Any CPU.Build.0 = Release|Any CPU
		{036CCD1C-BD21-4DBA-88D6-98B618191F71}.Debug|Any CPU.ActiveCfg = Debug|Any CPU
		{036CCD1C-BD21-4DBA-88D6-98B618191F71}.Debug|Any CPU.Build.0 = Debug|Any CPU
		{036CCD1C-BD21-4DBA-88D6-98B618191F71}.Release|Any CPU.ActiveCfg = Release|Any CPU
		{036CCD1C-BD21-4DBA-88D6-98B618191F71}.Release|Any CPU.Build.0 = Release|Any CPU
	EndGlobalSection
	GlobalSection(SolutionProperties) = preSolution
		HideSolutionNode = FALSE
	EndGlobalSection
	GlobalSection(ExtensibilityGlobals) = postSolution
		SolutionGuid = {B516CCF5-88EC-4573-87BE-FD7C1237C87C}
	EndGlobalSection
EndGlobal
